
Microsoft Visual Studio Solution File, Format Version 12.00
# Visual Studio 14
VisualStudioVersion = 14.0.25420.1
MinimumVisualStudioVersion = 10.0.40219.1
Project("{FAE04EC0-301F-11D3-BF4B-00C04F79EFBC}") = "KRingCmdLine", "KRing\KRingCmdLine.csproj", "{6B3C19CB-BBCC-48D7-B49B-17A43C9845EB}"
EndProject
Project("{FAE04EC0-301F-11D3-BF4B-00C04F79EFBC}") = "UnitTests", "UnitTests\UnitTests.csproj", "{B1645651-5CC1-4FA3-BEC4-042E1CFA65C1}"
EndProject
Project("{FAE04EC0-301F-11D3-BF4B-00C04F79EFBC}") = "KRingForm", "KRingForm\KRingForm.csproj", "{4897917B-1EE5-47B2-94D7-03439BC193AD}"
EndProject
Project("{FAE04EC0-301F-11D3-BF4B-00C04F79EFBC}") = "KRingCore", "KRingCore\KRingCore.csproj", "{874A2636-5A37-48B6-B057-A78B51251A8B}"
EndProject
Global
	GlobalSection(SolutionConfigurationPlatforms) = preSolution
		Debug|Any CPU = Debug|Any CPU
		Release|Any CPU = Release|Any CPU
	EndGlobalSection
	GlobalSection(ProjectConfigurationPlatforms) = postSolution
		{6B3C19CB-BBCC-48D7-B49B-17A43C9845EB}.Debug|Any CPU.ActiveCfg = Debug|Any CPU
		{6B3C19CB-BBCC-48D7-B49B-17A43C9845EB}.Debug|Any CPU.Build.0 = Debug|Any CPU
		{6B3C19CB-BBCC-48D7-B49B-17A43C9845EB}.Release|Any CPU.ActiveCfg = Release|Any CPU
		{6B3C19CB-BBCC-48D7-B49B-17A43C9845EB}.Release|Any CPU.Build.0 = Release|Any CPU
		{B1645651-5CC1-4FA3-BEC4-042E1CFA65C1}.Debug|Any CPU.ActiveCfg = Debug|Any CPU
		{B1645651-5CC1-4FA3-BEC4-042E1CFA65C1}.Debug|Any CPU.Build.0 = Debug|Any CPU
		{B1645651-5CC1-4FA3-BEC4-042E1CFA65C1}.Release|Any CPU.ActiveCfg = Release|Any CPU
		{B1645651-5CC1-4FA3-BEC4-042E1CFA65C1}.Release|Any CPU.Build.0 = Release|Any CPU
		{4897917B-1EE5-47B2-94D7-03439BC193AD}.Debug|Any CPU.ActiveCfg = Debug|Any CPU
		{4897917B-1EE5-47B2-94D7-03439BC193AD}.Debug|Any CPU.Build.0 = Debug|Any CPU
		{4897917B-1EE5-47B2-94D7-03439BC193AD}.Release|Any CPU.ActiveCfg = Release|Any CPU
		{4897917B-1EE5-47B2-94D7-03439BC193AD}.Release|Any CPU.Build.0 = Release|Any CPU
		{874A2636-5A37-48B6-B057-A78B51251A8B}.Debug|Any CPU.ActiveCfg = Debug|Any CPU
		{874A2636-5A37-48B6-B057-A78B51251A8B}.Debug|Any CPU.Build.0 = Debug|Any CPU
		{874A2636-5A37-48B6-B057-A78B51251A8B}.Release|Any CPU.ActiveCfg = Release|Any CPU
		{874A2636-5A37-48B6-B057-A78B51251A8B}.Release|Any CPU.Build.0 = Release|Any CPU
	EndGlobalSection
	GlobalSection(SolutionProperties) = preSolution
		HideSolutionNode = FALSE
	EndGlobalSection
EndGlobal
